
Microsoft Visual Studio Solution File, Format Version 12.00
# Visual Studio 2012
Project("{2150E333-8FDC-42A3-9474-1A3956D46DE8}") = "Samples", "Samples", "{1478A011-2377-42B5-8EEA-7BA31F5FDA9F}"
EndProject
Project("{2150E333-8FDC-42A3-9474-1A3956D46DE8}") = "AuthenticationDemo", "AuthenticationDemo", "{D044EF4A-97D9-4504-98B7-CCAB07CF58DF}"
EndProject
Project("{FAE04EC0-301F-11D3-BF4B-00C04F79EFBC}") = "AuthenticationDemo.Android", "AuthenticationDemo.Android\AuthenticationDemo.Android.csproj", "{9D7019A8-D36D-4D11-AA90-0C89ADAA5458}"
EndProject
Project("{FAE04EC0-301F-11D3-BF4B-00C04F79EFBC}") = "AuthenticationDemo.iOS", "AuthenticationDemo.iOS\AuthenticationDemo.iOS.csproj", "{CA82B4B7-EC62-4F14-A0BC-DF47FA08888E}"
EndProject
Project("{FAE04EC0-301F-11D3-BF4B-00C04F79EFBC}") = "AuthenticationDemo", "AuthenticationDemo\AuthenticationDemo.csproj", "{70231F99-8074-439E-B6EC-3D802684E2BF}"
EndProject
Project("{FAE04EC0-301F-11D3-BF4B-00C04F79EFBC}") = "DatabaseDemo.Android", "DatabaseDemo.Android\DatabaseDemo.Android.csproj", "{3C81405B-50EC-461A-B411-4C27819FC43B}"
EndProject
Project("{2150E333-8FDC-42A3-9474-1A3956D46DE8}") = "DatabaseDemo", "DatabaseDemo", "{7F77C906-5451-4590-B6EC-ACF5E748F6A2}"
EndProject
Project("{FAE04EC0-301F-11D3-BF4B-00C04F79EFBC}") = "DatabaseDemo", "DatabaseDemo\DatabaseDemo.csproj", "{C79E7DD4-A8A4-42FC-BFFA-433A7D3E655A}"
EndProject
Project("{FAE04EC0-301F-11D3-BF4B-00C04F79EFBC}") = "DatabaseDemo.iOS", "DatabaseDemo.iOS\DatabaseDemo.iOS.csproj", "{6D6EE020-91A1-426E-B1B8-6125D1A600EC}"
EndProject
Project("{2150E333-8FDC-42A3-9474-1A3956D46DE8}") = "ReplicationDemo", "ReplicationDemo", "{38C3BDF4-6254-4E6F-9C94-0BBB3F9F4AE4}"
EndProject
Project("{FAE04EC0-301F-11D3-BF4B-00C04F79EFBC}") = "ReplicationDemo.Android", "ReplicationDemo.Android\ReplicationDemo.Android.csproj", "{45DA9C74-D8D2-4680-AD0A-0CD71E02408E}"
EndProject
Project("{FAE04EC0-301F-11D3-BF4B-00C04F79EFBC}") = "ReplicationDemo.iOS", "ReplicationDemo.iOS\ReplicationDemo.iOS.csproj", "{3535D833-49F1-4790-B489-7C99956CBEB3}"
EndProject
Project("{FAE04EC0-301F-11D3-BF4B-00C04F79EFBC}") = "ReplicationDemo", "ReplicationDemo\ReplicationDemo.csproj", "{E5746A8B-B8D1-4C6B-BB02-4A6522048AD3}"
EndProject
Global
	GlobalSection(SolutionConfigurationPlatforms) = preSolution
		Debug|x86 = Debug|x86
		Release|x86 = Release|x86
		Debug|iPhoneSimulator = Debug|iPhoneSimulator
		Release|iPhone = Release|iPhone
		Release|iPhoneSimulator = Release|iPhoneSimulator
		Debug|iPhone = Debug|iPhone
		Ad-Hoc|iPhone = Ad-Hoc|iPhone
		AppStore|iPhone = AppStore|iPhone
	EndGlobalSection
	GlobalSection(ProjectConfigurationPlatforms) = postSolution
		{9D7019A8-D36D-4D11-AA90-0C89ADAA5458}.Debug|x86.ActiveCfg = Debug|Any CPU
		{9D7019A8-D36D-4D11-AA90-0C89ADAA5458}.Debug|x86.Build.0 = Debug|Any CPU
		{9D7019A8-D36D-4D11-AA90-0C89ADAA5458}.Release|x86.ActiveCfg = Release|Any CPU
		{9D7019A8-D36D-4D11-AA90-0C89ADAA5458}.Release|x86.Build.0 = Release|Any CPU
		{9D7019A8-D36D-4D11-AA90-0C89ADAA5458}.Debug|iPhoneSimulator.ActiveCfg = Debug|Any CPU
		{9D7019A8-D36D-4D11-AA90-0C89ADAA5458}.Debug|iPhoneSimulator.Build.0 = Debug|Any CPU
		{9D7019A8-D36D-4D11-AA90-0C89ADAA5458}.Release|iPhone.ActiveCfg = Release|Any CPU
		{9D7019A8-D36D-4D11-AA90-0C89ADAA5458}.Release|iPhone.Build.0 = Release|Any CPU
		{9D7019A8-D36D-4D11-AA90-0C89ADAA5458}.Release|iPhoneSimulator.ActiveCfg = Release|Any CPU
		{9D7019A8-D36D-4D11-AA90-0C89ADAA5458}.Release|iPhoneSimulator.Build.0 = Release|Any CPU
		{9D7019A8-D36D-4D11-AA90-0C89ADAA5458}.Debug|iPhone.ActiveCfg = Debug|Any CPU
		{9D7019A8-D36D-4D11-AA90-0C89ADAA5458}.Debug|iPhone.Build.0 = Debug|Any CPU
		{9D7019A8-D36D-4D11-AA90-0C89ADAA5458}.Ad-Hoc|iPhone.ActiveCfg = Debug|Any CPU
		{9D7019A8-D36D-4D11-AA90-0C89ADAA5458}.Ad-Hoc|iPhone.Build.0 = Debug|Any CPU
		{9D7019A8-D36D-4D11-AA90-0C89ADAA5458}.AppStore|iPhone.ActiveCfg = Debug|Any CPU
		{9D7019A8-D36D-4D11-AA90-0C89ADAA5458}.AppStore|iPhone.Build.0 = Debug|Any CPU
		{CA82B4B7-EC62-4F14-A0BC-DF47FA08888E}.Debug|x86.ActiveCfg = Debug|iPhoneSimulator
		{CA82B4B7-EC62-4F14-A0BC-DF47FA08888E}.Debug|x86.Build.0 = Debug|iPhoneSimulator
		{CA82B4B7-EC62-4F14-A0BC-DF47FA08888E}.Release|x86.ActiveCfg = Release|iPhoneSimulator
		{CA82B4B7-EC62-4F14-A0BC-DF47FA08888E}.Release|x86.Build.0 = Release|iPhoneSimulator
		{CA82B4B7-EC62-4F14-A0BC-DF47FA08888E}.Debug|iPhoneSimulator.ActiveCfg = Debug|iPhoneSimulator
		{CA82B4B7-EC62-4F14-A0BC-DF47FA08888E}.Debug|iPhoneSimulator.Build.0 = Debug|iPhoneSimulator
		{CA82B4B7-EC62-4F14-A0BC-DF47FA08888E}.Release|iPhone.ActiveCfg = Release|iPhone
		{CA82B4B7-EC62-4F14-A0BC-DF47FA08888E}.Release|iPhone.Build.0 = Release|iPhone
		{CA82B4B7-EC62-4F14-A0BC-DF47FA08888E}.Release|iPhoneSimulator.ActiveCfg = Release|iPhoneSimulator
		{CA82B4B7-EC62-4F14-A0BC-DF47FA08888E}.Release|iPhoneSimulator.Build.0 = Release|iPhoneSimulator
		{CA82B4B7-EC62-4F14-A0BC-DF47FA08888E}.Debug|iPhone.ActiveCfg = Debug|iPhone
		{CA82B4B7-EC62-4F14-A0BC-DF47FA08888E}.Debug|iPhone.Build.0 = Debug|iPhone
		{CA82B4B7-EC62-4F14-A0BC-DF47FA08888E}.Ad-Hoc|iPhone.ActiveCfg = Ad-Hoc|iPhone
		{CA82B4B7-EC62-4F14-A0BC-DF47FA08888E}.Ad-Hoc|iPhone.Build.0 = Ad-Hoc|iPhone
		{CA82B4B7-EC62-4F14-A0BC-DF47FA08888E}.AppStore|iPhone.ActiveCfg = AppStore|iPhone
		{CA82B4B7-EC62-4F14-A0BC-DF47FA08888E}.AppStore|iPhone.Build.0 = AppStore|iPhone
		{70231F99-8074-439E-B6EC-3D802684E2BF}.Debug|x86.ActiveCfg = Debug|Any CPU
		{70231F99-8074-439E-B6EC-3D802684E2BF}.Debug|x86.Build.0 = Debug|Any CPU
		{70231F99-8074-439E-B6EC-3D802684E2BF}.Release|x86.ActiveCfg = Release|Any CPU
		{70231F99-8074-439E-B6EC-3D802684E2BF}.Release|x86.Build.0 = Release|Any CPU
		{70231F99-8074-439E-B6EC-3D802684E2BF}.Debug|iPhoneSimulator.ActiveCfg = Debug|Any CPU
		{70231F99-8074-439E-B6EC-3D802684E2BF}.Debug|iPhoneSimulator.Build.0 = Debug|Any CPU
		{70231F99-8074-439E-B6EC-3D802684E2BF}.Release|iPhone.ActiveCfg = Release|Any CPU
		{70231F99-8074-439E-B6EC-3D802684E2BF}.Release|iPhone.Build.0 = Release|Any CPU
		{70231F99-8074-439E-B6EC-3D802684E2BF}.Release|iPhoneSimulator.ActiveCfg = Release|Any CPU
		{70231F99-8074-439E-B6EC-3D802684E2BF}.Release|iPhoneSimulator.Build.0 = Release|Any CPU
		{70231F99-8074-439E-B6EC-3D802684E2BF}.Debug|iPhone.ActiveCfg = Debug|Any CPU
		{70231F99-8074-439E-B6EC-3D802684E2BF}.Debug|iPhone.Build.0 = Debug|Any CPU
		{70231F99-8074-439E-B6EC-3D802684E2BF}.Ad-Hoc|iPhone.ActiveCfg = Debug|Any CPU
		{70231F99-8074-439E-B6EC-3D802684E2BF}.Ad-Hoc|iPhone.Build.0 = Debug|Any CPU
		{70231F99-8074-439E-B6EC-3D802684E2BF}.AppStore|iPhone.ActiveCfg = Debug|Any CPU
		{70231F99-8074-439E-B6EC-3D802684E2BF}.AppStore|iPhone.Build.0 = Debug|Any CPU
		{3C81405B-50EC-461A-B411-4C27819FC43B}.Debug|x86.ActiveCfg = Debug|Any CPU
		{3C81405B-50EC-461A-B411-4C27819FC43B}.Debug|x86.Build.0 = Debug|Any CPU
		{3C81405B-50EC-461A-B411-4C27819FC43B}.Release|x86.ActiveCfg = Release|Any CPU
		{3C81405B-50EC-461A-B411-4C27819FC43B}.Release|x86.Build.0 = Release|Any CPU
		{3C81405B-50EC-461A-B411-4C27819FC43B}.Debug|iPhoneSimulator.ActiveCfg = Debug|Any CPU
		{3C81405B-50EC-461A-B411-4C27819FC43B}.Debug|iPhoneSimulator.Build.0 = Debug|Any CPU
		{3C81405B-50EC-461A-B411-4C27819FC43B}.Release|iPhone.ActiveCfg = Release|Any CPU
		{3C81405B-50EC-461A-B411-4C27819FC43B}.Release|iPhone.Build.0 = Release|Any CPU
		{3C81405B-50EC-461A-B411-4C27819FC43B}.Release|iPhoneSimulator.ActiveCfg = Release|Any CPU
		{3C81405B-50EC-461A-B411-4C27819FC43B}.Release|iPhoneSimulator.Build.0 = Release|Any CPU
		{3C81405B-50EC-461A-B411-4C27819FC43B}.Debug|iPhone.ActiveCfg = Debug|Any CPU
		{3C81405B-50EC-461A-B411-4C27819FC43B}.Debug|iPhone.Build.0 = Debug|Any CPU
		{3C81405B-50EC-461A-B411-4C27819FC43B}.Ad-Hoc|iPhone.ActiveCfg = Debug|Any CPU
		{3C81405B-50EC-461A-B411-4C27819FC43B}.Ad-Hoc|iPhone.Build.0 = Debug|Any CPU
		{3C81405B-50EC-461A-B411-4C27819FC43B}.AppStore|iPhone.ActiveCfg = Debug|Any CPU
		{3C81405B-50EC-461A-B411-4C27819FC43B}.AppStore|iPhone.Build.0 = Debug|Any CPU
		{C79E7DD4-A8A4-42FC-BFFA-433A7D3E655A}.Debug|x86.ActiveCfg = Debug|Any CPU
		{C79E7DD4-A8A4-42FC-BFFA-433A7D3E655A}.Debug|x86.Build.0 = Debug|Any CPU
		{C79E7DD4-A8A4-42FC-BFFA-433A7D3E655A}.Release|x86.ActiveCfg = Release|Any CPU
		{C79E7DD4-A8A4-42FC-BFFA-433A7D3E655A}.Release|x86.Build.0 = Release|Any CPU
		{C79E7DD4-A8A4-42FC-BFFA-433A7D3E655A}.Debug|iPhoneSimulator.ActiveCfg = Debug|Any CPU
		{C79E7DD4-A8A4-42FC-BFFA-433A7D3E655A}.Debug|iPhoneSimulator.Build.0 = Debug|Any CPU
		{C79E7DD4-A8A4-42FC-BFFA-433A7D3E655A}.Release|iPhone.ActiveCfg = Release|Any CPU
		{C79E7DD4-A8A4-42FC-BFFA-433A7D3E655A}.Release|iPhone.Build.0 = Release|Any CPU
		{C79E7DD4-A8A4-42FC-BFFA-433A7D3E655A}.Release|iPhoneSimulator.ActiveCfg = Release|Any CPU
		{C79E7DD4-A8A4-42FC-BFFA-433A7D3E655A}.Release|iPhoneSimulator.Build.0 = Release|Any CPU
		{C79E7DD4-A8A4-42FC-BFFA-433A7D3E655A}.Debug|iPhone.ActiveCfg = Debug|Any CPU
		{C79E7DD4-A8A4-42FC-BFFA-433A7D3E655A}.Debug|iPhone.Build.0 = Debug|Any CPU
		{C79E7DD4-A8A4-42FC-BFFA-433A7D3E655A}.Ad-Hoc|iPhone.ActiveCfg = Debug|Any CPU
		{C79E7DD4-A8A4-42FC-BFFA-433A7D3E655A}.Ad-Hoc|iPhone.Build.0 = Debug|Any CPU
		{C79E7DD4-A8A4-42FC-BFFA-433A7D3E655A}.AppStore|iPhone.ActiveCfg = Debug|Any CPU
		{C79E7DD4-A8A4-42FC-BFFA-433A7D3E655A}.AppStore|iPhone.Build.0 = Debug|Any CPU
		{6D6EE020-91A1-426E-B1B8-6125D1A600EC}.Debug|x86.ActiveCfg = Debug|iPhoneSimulator
		{6D6EE020-91A1-426E-B1B8-6125D1A600EC}.Debug|x86.Build.0 = Debug|iPhoneSimulator
		{6D6EE020-91A1-426E-B1B8-6125D1A600EC}.Release|x86.ActiveCfg = Release|iPhoneSimulator
		{6D6EE020-91A1-426E-B1B8-6125D1A600EC}.Release|x86.Build.0 = Release|iPhoneSimulator
		{6D6EE020-91A1-426E-B1B8-6125D1A600EC}.Debug|iPhoneSimulator.ActiveCfg = Debug|iPhoneSimulator
		{6D6EE020-91A1-426E-B1B8-6125D1A600EC}.Debug|iPhoneSimulator.Build.0 = Debug|iPhoneSimulator
		{6D6EE020-91A1-426E-B1B8-6125D1A600EC}.Release|iPhone.ActiveCfg = Release|iPhone
		{6D6EE020-91A1-426E-B1B8-6125D1A600EC}.Release|iPhone.Build.0 = Release|iPhone
		{6D6EE020-91A1-426E-B1B8-6125D1A600EC}.Release|iPhoneSimulator.ActiveCfg = Release|iPhoneSimulator
		{6D6EE020-91A1-426E-B1B8-6125D1A600EC}.Release|iPhoneSimulator.Build.0 = Release|iPhoneSimulator
		{6D6EE020-91A1-426E-B1B8-6125D1A600EC}.Debug|iPhone.ActiveCfg = Debug|iPhone
		{6D6EE020-91A1-426E-B1B8-6125D1A600EC}.Debug|iPhone.Build.0 = Debug|iPhone
		{6D6EE020-91A1-426E-B1B8-6125D1A600EC}.Ad-Hoc|iPhone.ActiveCfg = Ad-Hoc|iPhone
		{6D6EE020-91A1-426E-B1B8-6125D1A600EC}.Ad-Hoc|iPhone.Build.0 = Ad-Hoc|iPhone
		{6D6EE020-91A1-426E-B1B8-6125D1A600EC}.AppStore|iPhone.ActiveCfg = AppStore|iPhone
		{6D6EE020-91A1-426E-B1B8-6125D1A600EC}.AppStore|iPhone.Build.0 = AppStore|iPhone
		{45DA9C74-D8D2-4680-AD0A-0CD71E02408E}.Debug|x86.ActiveCfg = Debug|Any CPU
		{45DA9C74-D8D2-4680-AD0A-0CD71E02408E}.Debug|x86.Build.0 = Debug|Any CPU
		{45DA9C74-D8D2-4680-AD0A-0CD71E02408E}.Release|x86.ActiveCfg = Release|Any CPU
		{45DA9C74-D8D2-4680-AD0A-0CD71E02408E}.Release|x86.Build.0 = Release|Any CPU
		{45DA9C74-D8D2-4680-AD0A-0CD71E02408E}.Debug|iPhoneSimulator.ActiveCfg = Debug|Any CPU
		{45DA9C74-D8D2-4680-AD0A-0CD71E02408E}.Debug|iPhoneSimulator.Build.0 = Debug|Any CPU
		{45DA9C74-D8D2-4680-AD0A-0CD71E02408E}.Release|iPhone.ActiveCfg = Release|Any CPU
		{45DA9C74-D8D2-4680-AD0A-0CD71E02408E}.Release|iPhone.Build.0 = Release|Any CPU
		{45DA9C74-D8D2-4680-AD0A-0CD71E02408E}.Release|iPhoneSimulator.ActiveCfg = Release|Any CPU
		{45DA9C74-D8D2-4680-AD0A-0CD71E02408E}.Release|iPhoneSimulator.Build.0 = Release|Any CPU
		{45DA9C74-D8D2-4680-AD0A-0CD71E02408E}.Debug|iPhone.ActiveCfg = Debug|Any CPU
		{45DA9C74-D8D2-4680-AD0A-0CD71E02408E}.Debug|iPhone.Build.0 = Debug|Any CPU
		{45DA9C74-D8D2-4680-AD0A-0CD71E02408E}.Ad-Hoc|iPhone.ActiveCfg = Release|Any CPU
		{45DA9C74-D8D2-4680-AD0A-0CD71E02408E}.Ad-Hoc|iPhone.Build.0 = Release|Any CPU
		{45DA9C74-D8D2-4680-AD0A-0CD71E02408E}.AppStore|iPhone.ActiveCfg = Release|Any CPU
		{45DA9C74-D8D2-4680-AD0A-0CD71E02408E}.AppStore|iPhone.Build.0 = Release|Any CPU
		{3535D833-49F1-4790-B489-7C99956CBEB3}.Debug|x86.ActiveCfg = Debug|iPhoneSimulator
		{3535D833-49F1-4790-B489-7C99956CBEB3}.Debug|x86.Build.0 = Debug|iPhoneSimulator
		{3535D833-49F1-4790-B489-7C99956CBEB3}.Release|x86.ActiveCfg = Release|iPhoneSimulator
		{3535D833-49F1-4790-B489-7C99956CBEB3}.Release|x86.Build.0 = Release|iPhoneSimulator
		{3535D833-49F1-4790-B489-7C99956CBEB3}.Debug|iPhoneSimulator.ActiveCfg = Debug|iPhoneSimulator
		{3535D833-49F1-4790-B489-7C99956CBEB3}.Debug|iPhoneSimulator.Build.0 = Debug|iPhoneSimulator
		{3535D833-49F1-4790-B489-7C99956CBEB3}.Release|iPhone.ActiveCfg = Release|iPhone
		{3535D833-49F1-4790-B489-7C99956CBEB3}.Release|iPhone.Build.0 = Release|iPhone
		{3535D833-49F1-4790-B489-7C99956CBEB3}.Release|iPhoneSimulator.ActiveCfg = Release|iPhoneSimulator
		{3535D833-49F1-4790-B489-7C99956CBEB3}.Release|iPhoneSimulator.Build.0 = Release|iPhoneSimulator
		{3535D833-49F1-4790-B489-7C99956CBEB3}.Debug|iPhone.ActiveCfg = Debug|iPhone
		{3535D833-49F1-4790-B489-7C99956CBEB3}.Debug|iPhone.Build.0 = Debug|iPhone
		{3535D833-49F1-4790-B489-7C99956CBEB3}.Ad-Hoc|iPhone.ActiveCfg = Ad-Hoc|iPhone
		{3535D833-49F1-4790-B489-7C99956CBEB3}.Ad-Hoc|iPhone.Build.0 = Ad-Hoc|iPhone
		{3535D833-49F1-4790-B489-7C99956CBEB3}.AppStore|iPhone.ActiveCfg = AppStore|iPhone
		{3535D833-49F1-4790-B489-7C99956CBEB3}.AppStore|iPhone.Build.0 = AppStore|iPhone
		{E5746A8B-B8D1-4C6B-BB02-4A6522048AD3}.Debug|x86.ActiveCfg = Debug|Any CPU
		{E5746A8B-B8D1-4C6B-BB02-4A6522048AD3}.Debug|x86.Build.0 = Debug|Any CPU
		{E5746A8B-B8D1-4C6B-BB02-4A6522048AD3}.Release|x86.ActiveCfg = Release|Any CPU
		{E5746A8B-B8D1-4C6B-BB02-4A6522048AD3}.Release|x86.Build.0 = Release|Any CPU
		{E5746A8B-B8D1-4C6B-BB02-4A6522048AD3}.Debug|iPhoneSimulator.ActiveCfg = Debug|Any CPU
		{E5746A8B-B8D1-4C6B-BB02-4A6522048AD3}.Debug|iPhoneSimulator.Build.0 = Debug|Any CPU
		{E5746A8B-B8D1-4C6B-BB02-4A6522048AD3}.Release|iPhone.ActiveCfg = Release|Any CPU
		{E5746A8B-B8D1-4C6B-BB02-4A6522048AD3}.Release|iPhone.Build.0 = Release|Any CPU
		{E5746A8B-B8D1-4C6B-BB02-4A6522048AD3}.Release|iPhoneSimulator.ActiveCfg = Release|Any CPU
		{E5746A8B-B8D1-4C6B-BB02-4A6522048AD3}.Release|iPhoneSimulator.Build.0 = Release|Any CPU
		{E5746A8B-B8D1-4C6B-BB02-4A6522048AD3}.Debug|iPhone.ActiveCfg = Debug|Any CPU
		{E5746A8B-B8D1-4C6B-BB02-4A6522048AD3}.Debug|iPhone.Build.0 = Debug|Any CPU
		{E5746A8B-B8D1-4C6B-BB02-4A6522048AD3}.Ad-Hoc|iPhone.ActiveCfg = Release|Any CPU
		{E5746A8B-B8D1-4C6B-BB02-4A6522048AD3}.Ad-Hoc|iPhone.Build.0 = Release|Any CPU
		{E5746A8B-B8D1-4C6B-BB02-4A6522048AD3}.AppStore|iPhone.ActiveCfg = Release|Any CPU
		{E5746A8B-B8D1-4C6B-BB02-4A6522048AD3}.AppStore|iPhone.Build.0 = Release|Any CPU
	EndGlobalSection
	GlobalSection(NestedProjects) = preSolution
		{D044EF4A-97D9-4504-98B7-CCAB07CF58DF} = {1478A011-2377-42B5-8EEA-7BA31F5FDA9F}
		{9D7019A8-D36D-4D11-AA90-0C89ADAA5458} = {D044EF4A-97D9-4504-98B7-CCAB07CF58DF}
		{CA82B4B7-EC62-4F14-A0BC-DF47FA08888E} = {D044EF4A-97D9-4504-98B7-CCAB07CF58DF}
		{70231F99-8074-439E-B6EC-3D802684E2BF} = {D044EF4A-97D9-4504-98B7-CCAB07CF58DF}
		{3C81405B-50EC-461A-B411-4C27819FC43B} = {7F77C906-5451-4590-B6EC-ACF5E748F6A2}
		{7F77C906-5451-4590-B6EC-ACF5E748F6A2} = {1478A011-2377-42B5-8EEA-7BA31F5FDA9F}
		{C79E7DD4-A8A4-42FC-BFFA-433A7D3E655A} = {7F77C906-5451-4590-B6EC-ACF5E748F6A2}
		{6D6EE020-91A1-426E-B1B8-6125D1A600EC} = {7F77C906-5451-4590-B6EC-ACF5E748F6A2}
		{38C3BDF4-6254-4E6F-9C94-0BBB3F9F4AE4} = {1478A011-2377-42B5-8EEA-7BA31F5FDA9F}
		{45DA9C74-D8D2-4680-AD0A-0CD71E02408E} = {38C3BDF4-6254-4E6F-9C94-0BBB3F9F4AE4}
		{3535D833-49F1-4790-B489-7C99956CBEB3} = {38C3BDF4-6254-4E6F-9C94-0BBB3F9F4AE4}
		{E5746A8B-B8D1-4C6B-BB02-4A6522048AD3} = {38C3BDF4-6254-4E6F-9C94-0BBB3F9F4AE4}
	EndGlobalSection
EndGlobal
